
Microsoft Visual Studio Solution File, Format Version 12.00
# Visual Studio Version 17
VisualStudioVersion = 17.11.35327.3
MinimumVisualStudioVersion = 10.0.40219.1
Project("{8BC9CEB8-8B4A-11D0-8D11-00A0C91BC942}") = "Visual Island Generator", "Visual Island Generator\Visual Island Generator.vcxproj", "{A7EA41AF-E61D-4AE4-9606-D1CD2051312F}"
EndProject
Global
	GlobalSection(SolutionConfigurationPlatforms) = preSolution
		Debug|x64 = Debug|x64
		Debug|x86 = Debug|x86
		Release|x64 = Release|x64
		Release|x86 = Release|x86
	EndGlobalSection
	GlobalSection(ProjectConfigurationPlatforms) = postSolution
		{A7EA41AF-E61D-4AE4-9606-D1CD2051312F}.Debug|x64.ActiveCfg = Debug|x64
		{A7EA41AF-E61D-4AE4-9606-D1CD2051312F}.Debug|x64.Build.0 = Debug|x64
		{A7EA41AF-E61D-4AE4-9606-D1CD2051312F}.Debug|x86.ActiveCfg = Debug|Win32
		{A7EA41AF-E61D-4AE4-9606-D1CD2051312F}.Debug|x86.Build.0 = Debug|Win32
		{A7EA41AF-E61D-4AE4-9606-D1CD2051312F}.Release|x64.ActiveCfg = Release|x64
		{A7EA41AF-E61D-4AE4-9606-D1CD2051312F}.Release|x64.Build.0 = Release|x64
		{A7EA41AF-E61D-4AE4-9606-D1CD2051312F}.Release|x86.ActiveCfg = Release|Win32
		{A7EA41AF-E61D-4AE4-9606-D1CD2051312F}.Release|x86.Build.0 = Release|Win32
	EndGlobalSection
	GlobalSection(SolutionProperties) = preSolution
		HideSolutionNode = FALSE
	EndGlobalSection
	GlobalSection(ExtensibilityGlobals) = postSolution
		SolutionGuid = {C3F3A97F-D579-4D97-9826-0FEB659C5160}
	EndGlobalSection
EndGlobal

